
Microsoft Visual Studio Solution File, Format Version 12.00
# Visual Studio Version 17
VisualStudioVersion = 17.2.32616.157
MinimumVisualStudioVersion = 10.0.40219.1
Project("{FAE04EC0-301F-11D3-BF4B-00C04F79EFBC}") = "DJT.Azure.BlobStorage", "DJT.Azure.BlobStorage\DJT.Azure.BlobStorage.csproj", "{5B75C1BE-1EC0-44D0-A5ED-05CA96CB36D5}"
EndProject
Project("{FAE04EC0-301F-11D3-BF4B-00C04F79EFBC}") = "DJT.Azure.Atlas", "DJT.Azure.Atlas\DJT.Azure.Atlas.csproj", "{96F72F8B-3C98-4AF1-BEEE-819730FAEAD0}"
EndProject
Global
	GlobalSection(SolutionConfigurationPlatforms) = preSolution
		Debug|Any CPU = Debug|Any CPU
		Release|Any CPU = Release|Any CPU
	EndGlobalSection
	GlobalSection(ProjectConfigurationPlatforms) = postSolution
		{5B75C1BE-1EC0-44D0-A5ED-05CA96CB36D5}.Debug|Any CPU.ActiveCfg = Debug|Any CPU
		{5B75C1BE-1EC0-44D0-A5ED-05CA96CB36D5}.Debug|Any CPU.Build.0 = Debug|Any CPU
		{5B75C1BE-1EC0-44D0-A5ED-05CA96CB36D5}.Release|Any CPU.ActiveCfg = Release|Any CPU
		{5B75C1BE-1EC0-44D0-A5ED-05CA96CB36D5}.Release|Any CPU.Build.0 = Release|Any CPU
		{96F72F8B-3C98-4AF1-BEEE-819730FAEAD0}.Debug|Any CPU.ActiveCfg = Debug|Any CPU
		{96F72F8B-3C98-4AF1-BEEE-819730FAEAD0}.Debug|Any CPU.Build.0 = Debug|Any CPU
		{96F72F8B-3C98-4AF1-BEEE-819730FAEAD0}.Release|Any CPU.ActiveCfg = Release|Any CPU
		{96F72F8B-3C98-4AF1-BEEE-819730FAEAD0}.Release|Any CPU.Build.0 = Release|Any CPU
	EndGlobalSection
	GlobalSection(SolutionProperties) = preSolution
		HideSolutionNode = FALSE
	EndGlobalSection
	GlobalSection(ExtensibilityGlobals) = postSolution
		SolutionGuid = {7CF9A066-B09E-47FA-9005-261FD94EC99E}
	EndGlobalSection
EndGlobal
